
Microsoft Visual Studio Solution File, Format Version 12.00
# Visual Studio Version 16
VisualStudioVersion = 16.0.31424.327
MinimumVisualStudioVersion = 10.0.40219.1
Project("{FAE04EC0-301F-11D3-BF4B-00C04F79EFBC}") = "DiplomCovid19", "DiplomCovid19\DiplomCovid19.csproj", "{6CD1E207-6EA4-4093-A99F-E2AB8DC76361}"
EndProject
Global
	GlobalSection(SolutionConfigurationPlatforms) = preSolution
		Debug|Any CPU = Debug|Any CPU
		Release|Any CPU = Release|Any CPU
	EndGlobalSection
	GlobalSection(ProjectConfigurationPlatforms) = postSolution
		{6CD1E207-6EA4-4093-A99F-E2AB8DC76361}.Debug|Any CPU.ActiveCfg = Debug|Any CPU
		{6CD1E207-6EA4-4093-A99F-E2AB8DC76361}.Debug|Any CPU.Build.0 = Debug|Any CPU
		{6CD1E207-6EA4-4093-A99F-E2AB8DC76361}.Release|Any CPU.ActiveCfg = Release|Any CPU
		{6CD1E207-6EA4-4093-A99F-E2AB8DC76361}.Release|Any CPU.Build.0 = Release|Any CPU
	EndGlobalSection
	GlobalSection(SolutionProperties) = preSolution
		HideSolutionNode = FALSE
	EndGlobalSection
	GlobalSection(ExtensibilityGlobals) = postSolution
		SolutionGuid = {EF9278DD-EDC5-4ABD-8CB3-CB469EC1006B}
	EndGlobalSection
EndGlobal
